
Microsoft Visual Studio Solution File, Format Version 12.00
# Visual Studio Version 16
VisualStudioVersion = 16.0.29911.84
MinimumVisualStudioVersion = 10.0.40219.1
Project("{8BC9CEB8-8B4A-11D0-8D11-00A0C91BC942}") = "KubarskayaSS_lab4", "KubarskayaSS_lab4\KubarskayaSS_lab4.vcxproj", "{C018E496-B624-4A52-908D-D06DB5245C91}"
EndProject
Global
	GlobalSection(SolutionConfigurationPlatforms) = preSolution
		Debug|x64 = Debug|x64
		Debug|x86 = Debug|x86
		Release|x64 = Release|x64
		Release|x86 = Release|x86
	EndGlobalSection
	GlobalSection(ProjectConfigurationPlatforms) = postSolution
		{C018E496-B624-4A52-908D-D06DB5245C91}.Debug|x64.ActiveCfg = Debug|x64
		{C018E496-B624-4A52-908D-D06DB5245C91}.Debug|x64.Build.0 = Debug|x64
		{C018E496-B624-4A52-908D-D06DB5245C91}.Debug|x86.ActiveCfg = Debug|Win32
		{C018E496-B624-4A52-908D-D06DB5245C91}.Debug|x86.Build.0 = Debug|Win32
		{C018E496-B624-4A52-908D-D06DB5245C91}.Release|x64.ActiveCfg = Release|x64
		{C018E496-B624-4A52-908D-D06DB5245C91}.Release|x64.Build.0 = Release|x64
		{C018E496-B624-4A52-908D-D06DB5245C91}.Release|x86.ActiveCfg = Release|Win32
		{C018E496-B624-4A52-908D-D06DB5245C91}.Release|x86.Build.0 = Release|Win32
	EndGlobalSection
	GlobalSection(SolutionProperties) = preSolution
		HideSolutionNode = FALSE
	EndGlobalSection
	GlobalSection(ExtensibilityGlobals) = postSolution
		SolutionGuid = {8E9ADB02-69A7-418A-B0D6-82770B13A7E2}
	EndGlobalSection
EndGlobal
