
Microsoft Visual Studio Solution File, Format Version 12.00
# Visual Studio Version 16
VisualStudioVersion = 16.0.28803.452
MinimumVisualStudioVersion = 10.0.40219.1
Project("{FAE04EC0-301F-11D3-BF4B-00C04F79EFBC}") = "laba_9", "laba_9\laba_9.csproj", "{06C088FA-00C9-46CA-B8CB-C477395675E0}"
EndProject
Global
	GlobalSection(SolutionConfigurationPlatforms) = preSolution
		Debug|Any CPU = Debug|Any CPU
		Release|Any CPU = Release|Any CPU
	EndGlobalSection
	GlobalSection(ProjectConfigurationPlatforms) = postSolution
		{06C088FA-00C9-46CA-B8CB-C477395675E0}.Debug|Any CPU.ActiveCfg = Debug|Any CPU
		{06C088FA-00C9-46CA-B8CB-C477395675E0}.Debug|Any CPU.Build.0 = Debug|Any CPU
		{06C088FA-00C9-46CA-B8CB-C477395675E0}.Release|Any CPU.ActiveCfg = Release|Any CPU
		{06C088FA-00C9-46CA-B8CB-C477395675E0}.Release|Any CPU.Build.0 = Release|Any CPU
	EndGlobalSection
	GlobalSection(SolutionProperties) = preSolution
		HideSolutionNode = FALSE
	EndGlobalSection
	GlobalSection(ExtensibilityGlobals) = postSolution
		SolutionGuid = {0EB33A03-B3DB-4DA2-860C-032EE9EE981A}
	EndGlobalSection
EndGlobal
